
Microsoft Visual Studio Solution File, Format Version 12.00
# Visual Studio Version 17
VisualStudioVersion = 17.12.35521.163 d17.12
MinimumVisualStudioVersion = 10.0.40219.1
Project("{FAE04EC0-301F-11D3-BF4B-00C04F79EFBC}") = "XSI-Franchisor.Server", "XSI-Franchisor.Server\XSI-Franchisor.Server.csproj", "{2AEDFA2A-3382-41FD-9740-FCAADE580FC5}"
EndProject
Project("{54A90642-561A-4BB1-A94E-469ADEE60C69}") = "xsi-franchisor.client", "xsi-franchisor.client\xsi-franchisor.client.esproj", "{AAFC3B74-48C0-47DD-A771-D255044F3796}"
EndProject
Global
	GlobalSection(SolutionConfigurationPlatforms) = preSolution
		Debug|Any CPU = Debug|Any CPU
		Release|Any CPU = Release|Any CPU
	EndGlobalSection
	GlobalSection(ProjectConfigurationPlatforms) = postSolution
		{2AEDFA2A-3382-41FD-9740-FCAADE580FC5}.Debug|Any CPU.ActiveCfg = Debug|Any CPU
		{2AEDFA2A-3382-41FD-9740-FCAADE580FC5}.Debug|Any CPU.Build.0 = Debug|Any CPU
		{2AEDFA2A-3382-41FD-9740-FCAADE580FC5}.Release|Any CPU.ActiveCfg = Release|Any CPU
		{2AEDFA2A-3382-41FD-9740-FCAADE580FC5}.Release|Any CPU.Build.0 = Release|Any CPU
		{AAFC3B74-48C0-47DD-A771-D255044F3796}.Debug|Any CPU.ActiveCfg = Debug|Any CPU
		{AAFC3B74-48C0-47DD-A771-D255044F3796}.Debug|Any CPU.Build.0 = Debug|Any CPU
		{AAFC3B74-48C0-47DD-A771-D255044F3796}.Debug|Any CPU.Deploy.0 = Debug|Any CPU
		{AAFC3B74-48C0-47DD-A771-D255044F3796}.Release|Any CPU.ActiveCfg = Release|Any CPU
		{AAFC3B74-48C0-47DD-A771-D255044F3796}.Release|Any CPU.Build.0 = Release|Any CPU
		{AAFC3B74-48C0-47DD-A771-D255044F3796}.Release|Any CPU.Deploy.0 = Release|Any CPU
	EndGlobalSection
	GlobalSection(SolutionProperties) = preSolution
		HideSolutionNode = FALSE
	EndGlobalSection
EndGlobal
